
Microsoft Visual Studio Solution File, Format Version 12.00
# Visual Studio Version 17
VisualStudioVersion = 17.5.33424.131
MinimumVisualStudioVersion = 10.0.40219.1
Project("{FAE04EC0-301F-11D3-BF4B-00C04F79EFBC}") = "P1", "P1\P1.csproj", "{7CAC6961-3666-4A0B-B0CE-A9AC7B5C2371}"
EndProject
Project("{FAE04EC0-301F-11D3-BF4B-00C04F79EFBC}") = "P2", "P2\P2.csproj", "{088F93BA-DB32-4598-920F-525F5318914D}"
EndProject
Project("{FAE04EC0-301F-11D3-BF4B-00C04F79EFBC}") = "P3", "P3\P3.csproj", "{EFA95434-E899-4DC7-B677-3A85E149BC2C}"
EndProject
Global
	GlobalSection(SolutionConfigurationPlatforms) = preSolution
		Debug|Any CPU = Debug|Any CPU
		Release|Any CPU = Release|Any CPU
	EndGlobalSection
	GlobalSection(ProjectConfigurationPlatforms) = postSolution
		{7CAC6961-3666-4A0B-B0CE-A9AC7B5C2371}.Debug|Any CPU.ActiveCfg = Debug|Any CPU
		{7CAC6961-3666-4A0B-B0CE-A9AC7B5C2371}.Debug|Any CPU.Build.0 = Debug|Any CPU
		{7CAC6961-3666-4A0B-B0CE-A9AC7B5C2371}.Release|Any CPU.ActiveCfg = Release|Any CPU
		{7CAC6961-3666-4A0B-B0CE-A9AC7B5C2371}.Release|Any CPU.Build.0 = Release|Any CPU
		{088F93BA-DB32-4598-920F-525F5318914D}.Debug|Any CPU.ActiveCfg = Debug|Any CPU
		{088F93BA-DB32-4598-920F-525F5318914D}.Debug|Any CPU.Build.0 = Debug|Any CPU
		{088F93BA-DB32-4598-920F-525F5318914D}.Release|Any CPU.ActiveCfg = Release|Any CPU
		{088F93BA-DB32-4598-920F-525F5318914D}.Release|Any CPU.Build.0 = Release|Any CPU
		{EFA95434-E899-4DC7-B677-3A85E149BC2C}.Debug|Any CPU.ActiveCfg = Debug|Any CPU
		{EFA95434-E899-4DC7-B677-3A85E149BC2C}.Debug|Any CPU.Build.0 = Debug|Any CPU
		{EFA95434-E899-4DC7-B677-3A85E149BC2C}.Release|Any CPU.ActiveCfg = Release|Any CPU
		{EFA95434-E899-4DC7-B677-3A85E149BC2C}.Release|Any CPU.Build.0 = Release|Any CPU
	EndGlobalSection
	GlobalSection(SolutionProperties) = preSolution
		HideSolutionNode = FALSE
	EndGlobalSection
	GlobalSection(ExtensibilityGlobals) = postSolution
		SolutionGuid = {CC24D1B9-50C4-428B-82D9-F75D70945780}
	EndGlobalSection
EndGlobal
