
Microsoft Visual Studio Solution File, Format Version 12.00
# Visual Studio Version 17
VisualStudioVersion = 17.5.33424.131
MinimumVisualStudioVersion = 10.0.40219.1
Project("{8BC9CEB8-8B4A-11D0-8D11-00A0C91BC942}") = "ExcellentResult", "ExcellentResult\ExcellentResult.vcxproj", "{94AA77E5-1143-48E0-9493-224DE73D1273}"
EndProject
Project("{8BC9CEB8-8B4A-11D0-8D11-00A0C91BC942}") = "2. LargerNumber", "2. LargerNumber\2. LargerNumber.vcxproj", "{719F18D9-53DD-4184-B326-C543772CA1D8}"
EndProject
Project("{8BC9CEB8-8B4A-11D0-8D11-00A0C91BC942}") = "EvenOrOdd", "EvenOrOdd\EvenOrOdd.vcxproj", "{00C15207-EC76-4AE7-B0BB-C99C94634274}"
EndProject
Project("{8BC9CEB8-8B4A-11D0-8D11-00A0C91BC942}") = "PasswordGuess", "PasswordGuess\PasswordGuess.vcxproj", "{0D259704-7E02-40F1-A366-D274BB89CE8F}"
EndProject
Project("{8BC9CEB8-8B4A-11D0-8D11-00A0C91BC942}") = "NumberRange", "NumberRange\NumberRange.vcxproj", "{0F239EA8-6494-4BEE-ABCD-B5B8DEEB3F19}"
EndProject
Project("{8BC9CEB8-8B4A-11D0-8D11-00A0C91BC942}") = "SpeedInfo", "SpeedInfo\SpeedInfo.vcxproj", "{A2F18A5E-16BF-4D8F-8CFC-3D78A3ED982B}"
EndProject
Project("{8BC9CEB8-8B4A-11D0-8D11-00A0C91BC942}") = "ShapeArea", "ShapeArea\ShapeArea.vcxproj", "{59AC15C9-D6CC-43D9-B0E5-7A3AF05EE8BF}"
EndProject
Project("{8BC9CEB8-8B4A-11D0-8D11-00A0C91BC942}") = "Summing Seconds", "Summing Seconds\Summing Seconds.vcxproj", "{16336FC6-2805-451F-A354-D5B10A2FA31C}"
EndProject
Project("{8BC9CEB8-8B4A-11D0-8D11-00A0C91BC942}") = "Bonus Points", "Bonus Points\Bonus Points.vcxproj", "{3616BF7E-0508-4EA2-9EA0-EAE2E2358AEF}"
EndProject
Project("{8BC9CEB8-8B4A-11D0-8D11-00A0C91BC942}") = "Time + 15 Minutes", "Time + 15 Minutes\Time + 15 Minutes.vcxproj", "{501D3476-7C16-43D5-9A20-B8FEF19416D7}"
EndProject
Project("{8BC9CEB8-8B4A-11D0-8D11-00A0C91BC942}") = "Toy Store", "Toy Store\Toy Store.vcxproj", "{9543E8E8-70D8-47C5-BB11-006A29057FBC}"
EndProject
Project("{8BC9CEB8-8B4A-11D0-8D11-00A0C91BC942}") = "Godzilla vs Kong", "Godzilla vs Kong\Godzilla vs Kong.vcxproj", "{2771E2EB-773F-4BCE-8BEA-2FB1A535AA64}"
EndProject
Project("{8BC9CEB8-8B4A-11D0-8D11-00A0C91BC942}") = "Swimming World Record", "Swimming World Record\Swimming World Record.vcxproj", "{907FB40F-7604-4C3F-A2D4-8D312B3329E8}"
EndProject
Project("{8BC9CEB8-8B4A-11D0-8D11-00A0C91BC942}") = "Money", "Money\Money.vcxproj", "{C13D9171-F1B6-481F-9E4B-9452580EE60F}"
EndProject
Project("{8BC9CEB8-8B4A-11D0-8D11-00A0C91BC942}") = "Lunch Break", "Lunch Break\Lunch Break.vcxproj", "{436ABF4E-ADF2-4BD0-B409-64EEFE68AB13}"
EndProject
Global
	GlobalSection(SolutionConfigurationPlatforms) = preSolution
		Debug|Any CPU = Debug|Any CPU
		Debug|x64 = Debug|x64
		Debug|x86 = Debug|x86
		Release|Any CPU = Release|Any CPU
		Release|x64 = Release|x64
		Release|x86 = Release|x86
	EndGlobalSection
	GlobalSection(ProjectConfigurationPlatforms) = postSolution
		{94AA77E5-1143-48E0-9493-224DE73D1273}.Debug|Any CPU.ActiveCfg = Debug|x64
		{94AA77E5-1143-48E0-9493-224DE73D1273}.Debug|Any CPU.Build.0 = Debug|x64
		{94AA77E5-1143-48E0-9493-224DE73D1273}.Debug|x64.ActiveCfg = Debug|x64
		{94AA77E5-1143-48E0-9493-224DE73D1273}.Debug|x64.Build.0 = Debug|x64
		{94AA77E5-1143-48E0-9493-224DE73D1273}.Debug|x86.ActiveCfg = Debug|Win32
		{94AA77E5-1143-48E0-9493-224DE73D1273}.Debug|x86.Build.0 = Debug|Win32
		{94AA77E5-1143-48E0-9493-224DE73D1273}.Release|Any CPU.ActiveCfg = Release|x64
		{94AA77E5-1143-48E0-9493-224DE73D1273}.Release|Any CPU.Build.0 = Release|x64
		{94AA77E5-1143-48E0-9493-224DE73D1273}.Release|x64.ActiveCfg = Release|x64
		{94AA77E5-1143-48E0-9493-224DE73D1273}.Release|x64.Build.0 = Release|x64
		{94AA77E5-1143-48E0-9493-224DE73D1273}.Release|x86.ActiveCfg = Release|Win32
		{94AA77E5-1143-48E0-9493-224DE73D1273}.Release|x86.Build.0 = Release|Win32
		{719F18D9-53DD-4184-B326-C543772CA1D8}.Debug|Any CPU.ActiveCfg = Debug|x64
		{719F18D9-53DD-4184-B326-C543772CA1D8}.Debug|Any CPU.Build.0 = Debug|x64
		{719F18D9-53DD-4184-B326-C543772CA1D8}.Debug|x64.ActiveCfg = Debug|x64
		{719F18D9-53DD-4184-B326-C543772CA1D8}.Debug|x64.Build.0 = Debug|x64
		{719F18D9-53DD-4184-B326-C543772CA1D8}.Debug|x86.ActiveCfg = Debug|Win32
		{719F18D9-53DD-4184-B326-C543772CA1D8}.Debug|x86.Build.0 = Debug|Win32
		{719F18D9-53DD-4184-B326-C543772CA1D8}.Release|Any CPU.ActiveCfg = Release|x64
		{719F18D9-53DD-4184-B326-C543772CA1D8}.Release|Any CPU.Build.0 = Release|x64
		{719F18D9-53DD-4184-B326-C543772CA1D8}.Release|x64.ActiveCfg = Release|x64
		{719F18D9-53DD-4184-B326-C543772CA1D8}.Release|x64.Build.0 = Release|x64
		{719F18D9-53DD-4184-B326-C543772CA1D8}.Release|x86.ActiveCfg = Release|Win32
		{719F18D9-53DD-4184-B326-C543772CA1D8}.Release|x86.Build.0 = Release|Win32
		{00C15207-EC76-4AE7-B0BB-C99C94634274}.Debug|Any CPU.ActiveCfg = Debug|x64
		{00C15207-EC76-4AE7-B0BB-C99C94634274}.Debug|Any CPU.Build.0 = Debug|x64
		{00C15207-EC76-4AE7-B0BB-C99C94634274}.Debug|x64.ActiveCfg = Debug|x64
		{00C15207-EC76-4AE7-B0BB-C99C94634274}.Debug|x64.Build.0 = Debug|x64
		{00C15207-EC76-4AE7-B0BB-C99C94634274}.Debug|x86.ActiveCfg = Debug|Win32
		{00C15207-EC76-4AE7-B0BB-C99C94634274}.Debug|x86.Build.0 = Debug|Win32
		{00C15207-EC76-4AE7-B0BB-C99C94634274}.Release|Any CPU.ActiveCfg = Release|x64
		{00C15207-EC76-4AE7-B0BB-C99C94634274}.Release|Any CPU.Build.0 = Release|x64
		{00C15207-EC76-4AE7-B0BB-C99C94634274}.Release|x64.ActiveCfg = Release|x64
		{00C15207-EC76-4AE7-B0BB-C99C94634274}.Release|x64.Build.0 = Release|x64
		{00C15207-EC76-4AE7-B0BB-C99C94634274}.Release|x86.ActiveCfg = Release|Win32
		{00C15207-EC76-4AE7-B0BB-C99C94634274}.Release|x86.Build.0 = Release|Win32
		{0D259704-7E02-40F1-A366-D274BB89CE8F}.Debug|Any CPU.ActiveCfg = Debug|x64
		{0D259704-7E02-40F1-A366-D274BB89CE8F}.Debug|Any CPU.Build.0 = Debug|x64
		{0D259704-7E02-40F1-A366-D274BB89CE8F}.Debug|x64.ActiveCfg = Debug|x64
		{0D259704-7E02-40F1-A366-D274BB89CE8F}.Debug|x64.Build.0 = Debug|x64
		{0D259704-7E02-40F1-A366-D274BB89CE8F}.Debug|x86.ActiveCfg = Debug|Win32
		{0D259704-7E02-40F1-A366-D274BB89CE8F}.Debug|x86.Build.0 = Debug|Win32
		{0D259704-7E02-40F1-A366-D274BB89CE8F}.Release|Any CPU.ActiveCfg = Release|x64
		{0D259704-7E02-40F1-A366-D274BB89CE8F}.Release|Any CPU.Build.0 = Release|x64
		{0D259704-7E02-40F1-A366-D274BB89CE8F}.Release|x64.ActiveCfg = Release|x64
		{0D259704-7E02-40F1-A366-D274BB89CE8F}.Release|x64.Build.0 = Release|x64
		{0D259704-7E02-40F1-A366-D274BB89CE8F}.Release|x86.ActiveCfg = Release|Win32
		{0D259704-7E02-40F1-A366-D274BB89CE8F}.Release|x86.Build.0 = Release|Win32
		{0F239EA8-6494-4BEE-ABCD-B5B8DEEB3F19}.Debug|Any CPU.ActiveCfg = Debug|x64
		{0F239EA8-6494-4BEE-ABCD-B5B8DEEB3F19}.Debug|Any CPU.Build.0 = Debug|x64
		{0F239EA8-6494-4BEE-ABCD-B5B8DEEB3F19}.Debug|x64.ActiveCfg = Debug|x64
		{0F239EA8-6494-4BEE-ABCD-B5B8DEEB3F19}.Debug|x64.Build.0 = Debug|x64
		{0F239EA8-6494-4BEE-ABCD-B5B8DEEB3F19}.Debug|x86.ActiveCfg = Debug|Win32
		{0F239EA8-6494-4BEE-ABCD-B5B8DEEB3F19}.Debug|x86.Build.0 = Debug|Win32
		{0F239EA8-6494-4BEE-ABCD-B5B8DEEB3F19}.Release|Any CPU.ActiveCfg = Release|x64
		{0F239EA8-6494-4BEE-ABCD-B5B8DEEB3F19}.Release|Any CPU.Build.0 = Release|x64
		{0F239EA8-6494-4BEE-ABCD-B5B8DEEB3F19}.Release|x64.ActiveCfg = Release|x64
		{0F239EA8-6494-4BEE-ABCD-B5B8DEEB3F19}.Release|x64.Build.0 = Release|x64
		{0F239EA8-6494-4BEE-ABCD-B5B8DEEB3F19}.Release|x86.ActiveCfg = Release|Win32
		{0F239EA8-6494-4BEE-ABCD-B5B8DEEB3F19}.Release|x86.Build.0 = Release|Win32
		{A2F18A5E-16BF-4D8F-8CFC-3D78A3ED982B}.Debug|Any CPU.ActiveCfg = Debug|x64
		{A2F18A5E-16BF-4D8F-8CFC-3D78A3ED982B}.Debug|Any CPU.Build.0 = Debug|x64
		{A2F18A5E-16BF-4D8F-8CFC-3D78A3ED982B}.Debug|x64.ActiveCfg = Debug|x64
		{A2F18A5E-16BF-4D8F-8CFC-3D78A3ED982B}.Debug|x64.Build.0 = Debug|x64
		{A2F18A5E-16BF-4D8F-8CFC-3D78A3ED982B}.Debug|x86.ActiveCfg = Debug|Win32
		{A2F18A5E-16BF-4D8F-8CFC-3D78A3ED982B}.Debug|x86.Build.0 = Debug|Win32
		{A2F18A5E-16BF-4D8F-8CFC-3D78A3ED982B}.Release|Any CPU.ActiveCfg = Release|x64
		{A2F18A5E-16BF-4D8F-8CFC-3D78A3ED982B}.Release|Any CPU.Build.0 = Release|x64
		{A2F18A5E-16BF-4D8F-8CFC-3D78A3ED982B}.Release|x64.ActiveCfg = Release|x64
		{A2F18A5E-16BF-4D8F-8CFC-3D78A3ED982B}.Release|x64.Build.0 = Release|x64
		{A2F18A5E-16BF-4D8F-8CFC-3D78A3ED982B}.Release|x86.ActiveCfg = Release|Win32
		{A2F18A5E-16BF-4D8F-8CFC-3D78A3ED982B}.Release|x86.Build.0 = Release|Win32
		{59AC15C9-D6CC-43D9-B0E5-7A3AF05EE8BF}.Debug|Any CPU.ActiveCfg = Debug|x64
		{59AC15C9-D6CC-43D9-B0E5-7A3AF05EE8BF}.Debug|Any CPU.Build.0 = Debug|x64
		{59AC15C9-D6CC-43D9-B0E5-7A3AF05EE8BF}.Debug|x64.ActiveCfg = Debug|x64
		{59AC15C9-D6CC-43D9-B0E5-7A3AF05EE8BF}.Debug|x64.Build.0 = Debug|x64
		{59AC15C9-D6CC-43D9-B0E5-7A3AF05EE8BF}.Debug|x86.ActiveCfg = Debug|Win32
		{59AC15C9-D6CC-43D9-B0E5-7A3AF05EE8BF}.Debug|x86.Build.0 = Debug|Win32
		{59AC15C9-D6CC-43D9-B0E5-7A3AF05EE8BF}.Release|Any CPU.ActiveCfg = Release|x64
		{59AC15C9-D6CC-43D9-B0E5-7A3AF05EE8BF}.Release|Any CPU.Build.0 = Release|x64
		{59AC15C9-D6CC-43D9-B0E5-7A3AF05EE8BF}.Release|x64.ActiveCfg = Release|x64
		{59AC15C9-D6CC-43D9-B0E5-7A3AF05EE8BF}.Release|x64.Build.0 = Release|x64
		{59AC15C9-D6CC-43D9-B0E5-7A3AF05EE8BF}.Release|x86.ActiveCfg = Release|Win32
		{59AC15C9-D6CC-43D9-B0E5-7A3AF05EE8BF}.Release|x86.Build.0 = Release|Win32
		{16336FC6-2805-451F-A354-D5B10A2FA31C}.Debug|Any CPU.ActiveCfg = Debug|x64
		{16336FC6-2805-451F-A354-D5B10A2FA31C}.Debug|Any CPU.Build.0 = Debug|x64
		{16336FC6-2805-451F-A354-D5B10A2FA31C}.Debug|x64.ActiveCfg = Debug|x64
		{16336FC6-2805-451F-A354-D5B10A2FA31C}.Debug|x64.Build.0 = Debug|x64
		{16336FC6-2805-451F-A354-D5B10A2FA31C}.Debug|x86.ActiveCfg = Debug|Win32
		{16336FC6-2805-451F-A354-D5B10A2FA31C}.Debug|x86.Build.0 = Debug|Win32
		{16336FC6-2805-451F-A354-D5B10A2FA31C}.Release|Any CPU.ActiveCfg = Release|x64
		{16336FC6-2805-451F-A354-D5B10A2FA31C}.Release|Any CPU.Build.0 = Release|x64
		{16336FC6-2805-451F-A354-D5B10A2FA31C}.Release|x64.ActiveCfg = Release|x64
		{16336FC6-2805-451F-A354-D5B10A2FA31C}.Release|x64.Build.0 = Release|x64
		{16336FC6-2805-451F-A354-D5B10A2FA31C}.Release|x86.ActiveCfg = Release|Win32
		{16336FC6-2805-451F-A354-D5B10A2FA31C}.Release|x86.Build.0 = Release|Win32
		{3616BF7E-0508-4EA2-9EA0-EAE2E2358AEF}.Debug|Any CPU.ActiveCfg = Debug|x64
		{3616BF7E-0508-4EA2-9EA0-EAE2E2358AEF}.Debug|Any CPU.Build.0 = Debug|x64
		{3616BF7E-0508-4EA2-9EA0-EAE2E2358AEF}.Debug|x64.ActiveCfg = Debug|x64
		{3616BF7E-0508-4EA2-9EA0-EAE2E2358AEF}.Debug|x64.Build.0 = Debug|x64
		{3616BF7E-0508-4EA2-9EA0-EAE2E2358AEF}.Debug|x86.ActiveCfg = Debug|Win32
		{3616BF7E-0508-4EA2-9EA0-EAE2E2358AEF}.Debug|x86.Build.0 = Debug|Win32
		{3616BF7E-0508-4EA2-9EA0-EAE2E2358AEF}.Release|Any CPU.ActiveCfg = Release|x64
		{3616BF7E-0508-4EA2-9EA0-EAE2E2358AEF}.Release|Any CPU.Build.0 = Release|x64
		{3616BF7E-0508-4EA2-9EA0-EAE2E2358AEF}.Release|x64.ActiveCfg = Release|x64
		{3616BF7E-0508-4EA2-9EA0-EAE2E2358AEF}.Release|x64.Build.0 = Release|x64
		{3616BF7E-0508-4EA2-9EA0-EAE2E2358AEF}.Release|x86.ActiveCfg = Release|Win32
		{3616BF7E-0508-4EA2-9EA0-EAE2E2358AEF}.Release|x86.Build.0 = Release|Win32
		{501D3476-7C16-43D5-9A20-B8FEF19416D7}.Debug|Any CPU.ActiveCfg = Debug|x64
		{501D3476-7C16-43D5-9A20-B8FEF19416D7}.Debug|Any CPU.Build.0 = Debug|x64
		{501D3476-7C16-43D5-9A20-B8FEF19416D7}.Debug|x64.ActiveCfg = Debug|x64
		{501D3476-7C16-43D5-9A20-B8FEF19416D7}.Debug|x64.Build.0 = Debug|x64
		{501D3476-7C16-43D5-9A20-B8FEF19416D7}.Debug|x86.ActiveCfg = Debug|Win32
		{501D3476-7C16-43D5-9A20-B8FEF19416D7}.Debug|x86.Build.0 = Debug|Win32
		{501D3476-7C16-43D5-9A20-B8FEF19416D7}.Release|Any CPU.ActiveCfg = Release|x64
		{501D3476-7C16-43D5-9A20-B8FEF19416D7}.Release|Any CPU.Build.0 = Release|x64
		{501D3476-7C16-43D5-9A20-B8FEF19416D7}.Release|x64.ActiveCfg = Release|x64
		{501D3476-7C16-43D5-9A20-B8FEF19416D7}.Release|x64.Build.0 = Release|x64
		{501D3476-7C16-43D5-9A20-B8FEF19416D7}.Release|x86.ActiveCfg = Release|Win32
		{501D3476-7C16-43D5-9A20-B8FEF19416D7}.Release|x86.Build.0 = Release|Win32
		{9543E8E8-70D8-47C5-BB11-006A29057FBC}.Debug|Any CPU.ActiveCfg = Debug|x64
		{9543E8E8-70D8-47C5-BB11-006A29057FBC}.Debug|Any CPU.Build.0 = Debug|x64
		{9543E8E8-70D8-47C5-BB11-006A29057FBC}.Debug|x64.ActiveCfg = Debug|x64
		{9543E8E8-70D8-47C5-BB11-006A29057FBC}.Debug|x64.Build.0 = Debug|x64
		{9543E8E8-70D8-47C5-BB11-006A29057FBC}.Debug|x86.ActiveCfg = Debug|Win32
		{9543E8E8-70D8-47C5-BB11-006A29057FBC}.Debug|x86.Build.0 = Debug|Win32
		{9543E8E8-70D8-47C5-BB11-006A29057FBC}.Release|Any CPU.ActiveCfg = Release|x64
		{9543E8E8-70D8-47C5-BB11-006A29057FBC}.Release|Any CPU.Build.0 = Release|x64
		{9543E8E8-70D8-47C5-BB11-006A29057FBC}.Release|x64.ActiveCfg = Release|x64
		{9543E8E8-70D8-47C5-BB11-006A29057FBC}.Release|x64.Build.0 = Release|x64
		{9543E8E8-70D8-47C5-BB11-006A29057FBC}.Release|x86.ActiveCfg = Release|Win32
		{9543E8E8-70D8-47C5-BB11-006A29057FBC}.Release|x86.Build.0 = Release|Win32
		{2771E2EB-773F-4BCE-8BEA-2FB1A535AA64}.Debug|Any CPU.ActiveCfg = Debug|x64
		{2771E2EB-773F-4BCE-8BEA-2FB1A535AA64}.Debug|Any CPU.Build.0 = Debug|x64
		{2771E2EB-773F-4BCE-8BEA-2FB1A535AA64}.Debug|x64.ActiveCfg = Debug|x64
		{2771E2EB-773F-4BCE-8BEA-2FB1A535AA64}.Debug|x64.Build.0 = Debug|x64
		{2771E2EB-773F-4BCE-8BEA-2FB1A535AA64}.Debug|x86.ActiveCfg = Debug|Win32
		{2771E2EB-773F-4BCE-8BEA-2FB1A535AA64}.Debug|x86.Build.0 = Debug|Win32
		{2771E2EB-773F-4BCE-8BEA-2FB1A535AA64}.Release|Any CPU.ActiveCfg = Release|x64
		{2771E2EB-773F-4BCE-8BEA-2FB1A535AA64}.Release|Any CPU.Build.0 = Release|x64
		{2771E2EB-773F-4BCE-8BEA-2FB1A535AA64}.Release|x64.ActiveCfg = Release|x64
		{2771E2EB-773F-4BCE-8BEA-2FB1A535AA64}.Release|x64.Build.0 = Release|x64
		{2771E2EB-773F-4BCE-8BEA-2FB1A535AA64}.Release|x86.ActiveCfg = Release|Win32
		{2771E2EB-773F-4BCE-8BEA-2FB1A535AA64}.Release|x86.Build.0 = Release|Win32
		{907FB40F-7604-4C3F-A2D4-8D312B3329E8}.Debug|Any CPU.ActiveCfg = Debug|x64
		{907FB40F-7604-4C3F-A2D4-8D312B3329E8}.Debug|Any CPU.Build.0 = Debug|x64
		{907FB40F-7604-4C3F-A2D4-8D312B3329E8}.Debug|x64.ActiveCfg = Debug|x64
		{907FB40F-7604-4C3F-A2D4-8D312B3329E8}.Debug|x64.Build.0 = Debug|x64
		{907FB40F-7604-4C3F-A2D4-8D312B3329E8}.Debug|x86.ActiveCfg = Debug|Win32
		{907FB40F-7604-4C3F-A2D4-8D312B3329E8}.Debug|x86.Build.0 = Debug|Win32
		{907FB40F-7604-4C3F-A2D4-8D312B3329E8}.Release|Any CPU.ActiveCfg = Release|x64
		{907FB40F-7604-4C3F-A2D4-8D312B3329E8}.Release|Any CPU.Build.0 = Release|x64
		{907FB40F-7604-4C3F-A2D4-8D312B3329E8}.Release|x64.ActiveCfg = Release|x64
		{907FB40F-7604-4C3F-A2D4-8D312B3329E8}.Release|x64.Build.0 = Release|x64
		{907FB40F-7604-4C3F-A2D4-8D312B3329E8}.Release|x86.ActiveCfg = Release|Win32
		{907FB40F-7604-4C3F-A2D4-8D312B3329E8}.Release|x86.Build.0 = Release|Win32
		{C13D9171-F1B6-481F-9E4B-9452580EE60F}.Debug|Any CPU.ActiveCfg = Debug|x64
		{C13D9171-F1B6-481F-9E4B-9452580EE60F}.Debug|Any CPU.Build.0 = Debug|x64
		{C13D9171-F1B6-481F-9E4B-9452580EE60F}.Debug|x64.ActiveCfg = Debug|x64
		{C13D9171-F1B6-481F-9E4B-9452580EE60F}.Debug|x64.Build.0 = Debug|x64
		{C13D9171-F1B6-481F-9E4B-9452580EE60F}.Debug|x86.ActiveCfg = Debug|Win32
		{C13D9171-F1B6-481F-9E4B-9452580EE60F}.Debug|x86.Build.0 = Debug|Win32
		{C13D9171-F1B6-481F-9E4B-9452580EE60F}.Release|Any CPU.ActiveCfg = Release|x64
		{C13D9171-F1B6-481F-9E4B-9452580EE60F}.Release|Any CPU.Build.0 = Release|x64
		{C13D9171-F1B6-481F-9E4B-9452580EE60F}.Release|x64.ActiveCfg = Release|x64
		{C13D9171-F1B6-481F-9E4B-9452580EE60F}.Release|x64.Build.0 = Release|x64
		{C13D9171-F1B6-481F-9E4B-9452580EE60F}.Release|x86.ActiveCfg = Release|Win32
		{C13D9171-F1B6-481F-9E4B-9452580EE60F}.Release|x86.Build.0 = Release|Win32
		{436ABF4E-ADF2-4BD0-B409-64EEFE68AB13}.Debug|Any CPU.ActiveCfg = Debug|x64
		{436ABF4E-ADF2-4BD0-B409-64EEFE68AB13}.Debug|Any CPU.Build.0 = Debug|x64
		{436ABF4E-ADF2-4BD0-B409-64EEFE68AB13}.Debug|x64.ActiveCfg = Debug|x64
		{436ABF4E-ADF2-4BD0-B409-64EEFE68AB13}.Debug|x64.Build.0 = Debug|x64
		{436ABF4E-ADF2-4BD0-B409-64EEFE68AB13}.Debug|x86.ActiveCfg = Debug|Win32
		{436ABF4E-ADF2-4BD0-B409-64EEFE68AB13}.Debug|x86.Build.0 = Debug|Win32
		{436ABF4E-ADF2-4BD0-B409-64EEFE68AB13}.Release|Any CPU.ActiveCfg = Release|x64
		{436ABF4E-ADF2-4BD0-B409-64EEFE68AB13}.Release|Any CPU.Build.0 = Release|x64
		{436ABF4E-ADF2-4BD0-B409-64EEFE68AB13}.Release|x64.ActiveCfg = Release|x64
		{436ABF4E-ADF2-4BD0-B409-64EEFE68AB13}.Release|x64.Build.0 = Release|x64
		{436ABF4E-ADF2-4BD0-B409-64EEFE68AB13}.Release|x86.ActiveCfg = Release|Win32
		{436ABF4E-ADF2-4BD0-B409-64EEFE68AB13}.Release|x86.Build.0 = Release|Win32
	EndGlobalSection
	GlobalSection(SolutionProperties) = preSolution
		HideSolutionNode = FALSE
	EndGlobalSection
	GlobalSection(ExtensibilityGlobals) = postSolution
		SolutionGuid = {7F15A100-E350-48B3-B010-8147D4C01CFC}
	EndGlobalSection
EndGlobal
