
Microsoft Visual Studio Solution File, Format Version 12.00
# Visual Studio Version 17
VisualStudioVersion = 17.5.33424.131
MinimumVisualStudioVersion = 10.0.40219.1
Project("{8BC9CEB8-8B4A-11D0-8D11-00A0C91BC942}") = "Hello SoftUni", "Hello SoftUni\Hello SoftUni.vcxproj", "{EE6BD6EC-A42E-4A0A-B3A0-719F3A359527}"
EndProject
Project("{8BC9CEB8-8B4A-11D0-8D11-00A0C91BC942}") = "Numbers from 1 to 10", "Numbers from 1 to 10\Numbers from 1 to 10.vcxproj", "{6C3D4C01-FC1C-4438-B3CC-02AE754532EE}"
EndProject
Project("{8BC9CEB8-8B4A-11D0-8D11-00A0C91BC942}") = "CalculationOfTheAreaOfARectangle", "CalculationOfTheAreaOfARectangle\CalculationOfTheAreaOfARectangle.vcxproj", "{C474AC91-C3D8-4CAD-B723-C59CAD93A07D}"
EndProject
Project("{8BC9CEB8-8B4A-11D0-8D11-00A0C91BC942}") = "ConverterInchesToCentimeters", "ConverterInchesToCentimeters\ConverterInchesToCentimeters.vcxproj", "{51D53115-1A64-47CB-9C17-2B4115CC985A}"
EndProject
Project("{8BC9CEB8-8B4A-11D0-8D11-00A0C91BC942}") = "HelloName", "HelloName\HelloName.vcxproj", "{676C0735-E983-4154-B89A-41FEA8F53DAF}"
EndProject
Project("{8BC9CEB8-8B4A-11D0-8D11-00A0C91BC942}") = "ConcatenationOfTextAndNumbers", "ConcatenationOfTextAndNumbers\ConcatenationOfTextAndNumbers.vcxproj", "{A51D7215-804E-4F8F-AB0C-AEE3C3709D55}"
EndProject
Project("{8BC9CEB8-8B4A-11D0-8D11-00A0C91BC942}") = "Projects", "Projects\Projects.vcxproj", "{E058CBCF-9E7B-4520-A5EC-4D6793C4EC1E}"
EndProject
Project("{8BC9CEB8-8B4A-11D0-8D11-00A0C91BC942}") = "PetStore", "PetStore\PetStore.vcxproj", "{B0D8F371-21ED-400C-8009-4058A091FC31}"
EndProject
Project("{8BC9CEB8-8B4A-11D0-8D11-00A0C91BC942}") = "LandscapingOfYards", "LandscapingOfYards\LandscapingOfYards.vcxproj", "{FDF01C64-76C9-43DA-9482-3A971B89EF7A}"
EndProject
Project("{8BC9CEB8-8B4A-11D0-8D11-00A0C91BC942}") = "USDToLv", "USDToLv\USDToLv.vcxproj", "{0E47A7D8-99DE-4211-B5D4-3670EB08CD37}"
EndProject
Project("{8BC9CEB8-8B4A-11D0-8D11-00A0C91BC942}") = "RadianDegree", "RadianDegree\RadianDegree.vcxproj", "{64E57599-3F30-4F32-B548-F97E03C3C6DB}"
EndProject
Project("{8BC9CEB8-8B4A-11D0-8D11-00A0C91BC942}") = "DepositCalc", "DepositCalc\DepositCalc.vcxproj", "{C2015EB2-0FEF-4757-8512-59F1F255D39D}"
EndProject
Project("{8BC9CEB8-8B4A-11D0-8D11-00A0C91BC942}") = "Books", "Books\Books.vcxproj", "{CD59932D-80A0-45ED-B289-97C9C6182163}"
EndProject
Project("{8BC9CEB8-8B4A-11D0-8D11-00A0C91BC942}") = "Ann Shopping", "Ann Shopping\Ann Shopping.vcxproj", "{972DD099-B597-4430-9BD1-979E0AEAC449}"
EndProject
Project("{8BC9CEB8-8B4A-11D0-8D11-00A0C91BC942}") = "Painting", "Painting\Painting.vcxproj", "{5C0E3C44-9110-4C08-9B04-3B4060E71CBF}"
EndProject
Project("{8BC9CEB8-8B4A-11D0-8D11-00A0C91BC942}") = "FoodDelivery", "FoodDelivery\FoodDelivery.vcxproj", "{D8E9F51E-2982-4620-8AAB-9B4919269A03}"
EndProject
Project("{8BC9CEB8-8B4A-11D0-8D11-00A0C91BC942}") = "Basketball", "Basketball\Basketball.vcxproj", "{808948BE-510A-4A7D-AE3E-9B390BC1F1D2}"
EndProject
Project("{8BC9CEB8-8B4A-11D0-8D11-00A0C91BC942}") = "Aquarium", "Aquarium\Aquarium.vcxproj", "{177B8D37-CABB-4A3F-8A6D-F6F45552AD4C}"
EndProject
Global
	GlobalSection(SolutionConfigurationPlatforms) = preSolution
		Debug|x64 = Debug|x64
		Debug|x86 = Debug|x86
		Release|x64 = Release|x64
		Release|x86 = Release|x86
	EndGlobalSection
	GlobalSection(ProjectConfigurationPlatforms) = postSolution
		{EE6BD6EC-A42E-4A0A-B3A0-719F3A359527}.Debug|x64.ActiveCfg = Debug|x64
		{EE6BD6EC-A42E-4A0A-B3A0-719F3A359527}.Debug|x64.Build.0 = Debug|x64
		{EE6BD6EC-A42E-4A0A-B3A0-719F3A359527}.Debug|x86.ActiveCfg = Debug|Win32
		{EE6BD6EC-A42E-4A0A-B3A0-719F3A359527}.Debug|x86.Build.0 = Debug|Win32
		{EE6BD6EC-A42E-4A0A-B3A0-719F3A359527}.Release|x64.ActiveCfg = Release|x64
		{EE6BD6EC-A42E-4A0A-B3A0-719F3A359527}.Release|x64.Build.0 = Release|x64
		{EE6BD6EC-A42E-4A0A-B3A0-719F3A359527}.Release|x86.ActiveCfg = Release|Win32
		{EE6BD6EC-A42E-4A0A-B3A0-719F3A359527}.Release|x86.Build.0 = Release|Win32
		{6C3D4C01-FC1C-4438-B3CC-02AE754532EE}.Debug|x64.ActiveCfg = Debug|x64
		{6C3D4C01-FC1C-4438-B3CC-02AE754532EE}.Debug|x64.Build.0 = Debug|x64
		{6C3D4C01-FC1C-4438-B3CC-02AE754532EE}.Debug|x86.ActiveCfg = Debug|Win32
		{6C3D4C01-FC1C-4438-B3CC-02AE754532EE}.Debug|x86.Build.0 = Debug|Win32
		{6C3D4C01-FC1C-4438-B3CC-02AE754532EE}.Release|x64.ActiveCfg = Release|x64
		{6C3D4C01-FC1C-4438-B3CC-02AE754532EE}.Release|x64.Build.0 = Release|x64
		{6C3D4C01-FC1C-4438-B3CC-02AE754532EE}.Release|x86.ActiveCfg = Release|Win32
		{6C3D4C01-FC1C-4438-B3CC-02AE754532EE}.Release|x86.Build.0 = Release|Win32
		{C474AC91-C3D8-4CAD-B723-C59CAD93A07D}.Debug|x64.ActiveCfg = Debug|x64
		{C474AC91-C3D8-4CAD-B723-C59CAD93A07D}.Debug|x64.Build.0 = Debug|x64
		{C474AC91-C3D8-4CAD-B723-C59CAD93A07D}.Debug|x86.ActiveCfg = Debug|Win32
		{C474AC91-C3D8-4CAD-B723-C59CAD93A07D}.Debug|x86.Build.0 = Debug|Win32
		{C474AC91-C3D8-4CAD-B723-C59CAD93A07D}.Release|x64.ActiveCfg = Release|x64
		{C474AC91-C3D8-4CAD-B723-C59CAD93A07D}.Release|x64.Build.0 = Release|x64
		{C474AC91-C3D8-4CAD-B723-C59CAD93A07D}.Release|x86.ActiveCfg = Release|Win32
		{C474AC91-C3D8-4CAD-B723-C59CAD93A07D}.Release|x86.Build.0 = Release|Win32
		{51D53115-1A64-47CB-9C17-2B4115CC985A}.Debug|x64.ActiveCfg = Debug|x64
		{51D53115-1A64-47CB-9C17-2B4115CC985A}.Debug|x64.Build.0 = Debug|x64
		{51D53115-1A64-47CB-9C17-2B4115CC985A}.Debug|x86.ActiveCfg = Debug|Win32
		{51D53115-1A64-47CB-9C17-2B4115CC985A}.Debug|x86.Build.0 = Debug|Win32
		{51D53115-1A64-47CB-9C17-2B4115CC985A}.Release|x64.ActiveCfg = Release|x64
		{51D53115-1A64-47CB-9C17-2B4115CC985A}.Release|x64.Build.0 = Release|x64
		{51D53115-1A64-47CB-9C17-2B4115CC985A}.Release|x86.ActiveCfg = Release|Win32
		{51D53115-1A64-47CB-9C17-2B4115CC985A}.Release|x86.Build.0 = Release|Win32
		{676C0735-E983-4154-B89A-41FEA8F53DAF}.Debug|x64.ActiveCfg = Debug|x64
		{676C0735-E983-4154-B89A-41FEA8F53DAF}.Debug|x64.Build.0 = Debug|x64
		{676C0735-E983-4154-B89A-41FEA8F53DAF}.Debug|x86.ActiveCfg = Debug|Win32
		{676C0735-E983-4154-B89A-41FEA8F53DAF}.Debug|x86.Build.0 = Debug|Win32
		{676C0735-E983-4154-B89A-41FEA8F53DAF}.Release|x64.ActiveCfg = Release|x64
		{676C0735-E983-4154-B89A-41FEA8F53DAF}.Release|x64.Build.0 = Release|x64
		{676C0735-E983-4154-B89A-41FEA8F53DAF}.Release|x86.ActiveCfg = Release|Win32
		{676C0735-E983-4154-B89A-41FEA8F53DAF}.Release|x86.Build.0 = Release|Win32
		{A51D7215-804E-4F8F-AB0C-AEE3C3709D55}.Debug|x64.ActiveCfg = Debug|x64
		{A51D7215-804E-4F8F-AB0C-AEE3C3709D55}.Debug|x64.Build.0 = Debug|x64
		{A51D7215-804E-4F8F-AB0C-AEE3C3709D55}.Debug|x86.ActiveCfg = Debug|Win32
		{A51D7215-804E-4F8F-AB0C-AEE3C3709D55}.Debug|x86.Build.0 = Debug|Win32
		{A51D7215-804E-4F8F-AB0C-AEE3C3709D55}.Release|x64.ActiveCfg = Release|x64
		{A51D7215-804E-4F8F-AB0C-AEE3C3709D55}.Release|x64.Build.0 = Release|x64
		{A51D7215-804E-4F8F-AB0C-AEE3C3709D55}.Release|x86.ActiveCfg = Release|Win32
		{A51D7215-804E-4F8F-AB0C-AEE3C3709D55}.Release|x86.Build.0 = Release|Win32
		{E058CBCF-9E7B-4520-A5EC-4D6793C4EC1E}.Debug|x64.ActiveCfg = Debug|x64
		{E058CBCF-9E7B-4520-A5EC-4D6793C4EC1E}.Debug|x64.Build.0 = Debug|x64
		{E058CBCF-9E7B-4520-A5EC-4D6793C4EC1E}.Debug|x86.ActiveCfg = Debug|Win32
		{E058CBCF-9E7B-4520-A5EC-4D6793C4EC1E}.Debug|x86.Build.0 = Debug|Win32
		{E058CBCF-9E7B-4520-A5EC-4D6793C4EC1E}.Release|x64.ActiveCfg = Release|x64
		{E058CBCF-9E7B-4520-A5EC-4D6793C4EC1E}.Release|x64.Build.0 = Release|x64
		{E058CBCF-9E7B-4520-A5EC-4D6793C4EC1E}.Release|x86.ActiveCfg = Release|Win32
		{E058CBCF-9E7B-4520-A5EC-4D6793C4EC1E}.Release|x86.Build.0 = Release|Win32
		{B0D8F371-21ED-400C-8009-4058A091FC31}.Debug|x64.ActiveCfg = Debug|x64
		{B0D8F371-21ED-400C-8009-4058A091FC31}.Debug|x64.Build.0 = Debug|x64
		{B0D8F371-21ED-400C-8009-4058A091FC31}.Debug|x86.ActiveCfg = Debug|Win32
		{B0D8F371-21ED-400C-8009-4058A091FC31}.Debug|x86.Build.0 = Debug|Win32
		{B0D8F371-21ED-400C-8009-4058A091FC31}.Release|x64.ActiveCfg = Release|x64
		{B0D8F371-21ED-400C-8009-4058A091FC31}.Release|x64.Build.0 = Release|x64
		{B0D8F371-21ED-400C-8009-4058A091FC31}.Release|x86.ActiveCfg = Release|Win32
		{B0D8F371-21ED-400C-8009-4058A091FC31}.Release|x86.Build.0 = Release|Win32
		{FDF01C64-76C9-43DA-9482-3A971B89EF7A}.Debug|x64.ActiveCfg = Debug|x64
		{FDF01C64-76C9-43DA-9482-3A971B89EF7A}.Debug|x64.Build.0 = Debug|x64
		{FDF01C64-76C9-43DA-9482-3A971B89EF7A}.Debug|x86.ActiveCfg = Debug|Win32
		{FDF01C64-76C9-43DA-9482-3A971B89EF7A}.Debug|x86.Build.0 = Debug|Win32
		{FDF01C64-76C9-43DA-9482-3A971B89EF7A}.Release|x64.ActiveCfg = Release|x64
		{FDF01C64-76C9-43DA-9482-3A971B89EF7A}.Release|x64.Build.0 = Release|x64
		{FDF01C64-76C9-43DA-9482-3A971B89EF7A}.Release|x86.ActiveCfg = Release|Win32
		{FDF01C64-76C9-43DA-9482-3A971B89EF7A}.Release|x86.Build.0 = Release|Win32
		{0E47A7D8-99DE-4211-B5D4-3670EB08CD37}.Debug|x64.ActiveCfg = Debug|x64
		{0E47A7D8-99DE-4211-B5D4-3670EB08CD37}.Debug|x64.Build.0 = Debug|x64
		{0E47A7D8-99DE-4211-B5D4-3670EB08CD37}.Debug|x86.ActiveCfg = Debug|Win32
		{0E47A7D8-99DE-4211-B5D4-3670EB08CD37}.Debug|x86.Build.0 = Debug|Win32
		{0E47A7D8-99DE-4211-B5D4-3670EB08CD37}.Release|x64.ActiveCfg = Release|x64
		{0E47A7D8-99DE-4211-B5D4-3670EB08CD37}.Release|x64.Build.0 = Release|x64
		{0E47A7D8-99DE-4211-B5D4-3670EB08CD37}.Release|x86.ActiveCfg = Release|Win32
		{0E47A7D8-99DE-4211-B5D4-3670EB08CD37}.Release|x86.Build.0 = Release|Win32
		{64E57599-3F30-4F32-B548-F97E03C3C6DB}.Debug|x64.ActiveCfg = Debug|x64
		{64E57599-3F30-4F32-B548-F97E03C3C6DB}.Debug|x64.Build.0 = Debug|x64
		{64E57599-3F30-4F32-B548-F97E03C3C6DB}.Debug|x86.ActiveCfg = Debug|Win32
		{64E57599-3F30-4F32-B548-F97E03C3C6DB}.Debug|x86.Build.0 = Debug|Win32
		{64E57599-3F30-4F32-B548-F97E03C3C6DB}.Release|x64.ActiveCfg = Release|x64
		{64E57599-3F30-4F32-B548-F97E03C3C6DB}.Release|x64.Build.0 = Release|x64
		{64E57599-3F30-4F32-B548-F97E03C3C6DB}.Release|x86.ActiveCfg = Release|Win32
		{64E57599-3F30-4F32-B548-F97E03C3C6DB}.Release|x86.Build.0 = Release|Win32
		{C2015EB2-0FEF-4757-8512-59F1F255D39D}.Debug|x64.ActiveCfg = Debug|x64
		{C2015EB2-0FEF-4757-8512-59F1F255D39D}.Debug|x64.Build.0 = Debug|x64
		{C2015EB2-0FEF-4757-8512-59F1F255D39D}.Debug|x86.ActiveCfg = Debug|Win32
		{C2015EB2-0FEF-4757-8512-59F1F255D39D}.Debug|x86.Build.0 = Debug|Win32
		{C2015EB2-0FEF-4757-8512-59F1F255D39D}.Release|x64.ActiveCfg = Release|x64
		{C2015EB2-0FEF-4757-8512-59F1F255D39D}.Release|x64.Build.0 = Release|x64
		{C2015EB2-0FEF-4757-8512-59F1F255D39D}.Release|x86.ActiveCfg = Release|Win32
		{C2015EB2-0FEF-4757-8512-59F1F255D39D}.Release|x86.Build.0 = Release|Win32
		{CD59932D-80A0-45ED-B289-97C9C6182163}.Debug|x64.ActiveCfg = Debug|x64
		{CD59932D-80A0-45ED-B289-97C9C6182163}.Debug|x64.Build.0 = Debug|x64
		{CD59932D-80A0-45ED-B289-97C9C6182163}.Debug|x86.ActiveCfg = Debug|Win32
		{CD59932D-80A0-45ED-B289-97C9C6182163}.Debug|x86.Build.0 = Debug|Win32
		{CD59932D-80A0-45ED-B289-97C9C6182163}.Release|x64.ActiveCfg = Release|x64
		{CD59932D-80A0-45ED-B289-97C9C6182163}.Release|x64.Build.0 = Release|x64
		{CD59932D-80A0-45ED-B289-97C9C6182163}.Release|x86.ActiveCfg = Release|Win32
		{CD59932D-80A0-45ED-B289-97C9C6182163}.Release|x86.Build.0 = Release|Win32
		{972DD099-B597-4430-9BD1-979E0AEAC449}.Debug|x64.ActiveCfg = Debug|x64
		{972DD099-B597-4430-9BD1-979E0AEAC449}.Debug|x64.Build.0 = Debug|x64
		{972DD099-B597-4430-9BD1-979E0AEAC449}.Debug|x86.ActiveCfg = Debug|Win32
		{972DD099-B597-4430-9BD1-979E0AEAC449}.Debug|x86.Build.0 = Debug|Win32
		{972DD099-B597-4430-9BD1-979E0AEAC449}.Release|x64.ActiveCfg = Release|x64
		{972DD099-B597-4430-9BD1-979E0AEAC449}.Release|x64.Build.0 = Release|x64
		{972DD099-B597-4430-9BD1-979E0AEAC449}.Release|x86.ActiveCfg = Release|Win32
		{972DD099-B597-4430-9BD1-979E0AEAC449}.Release|x86.Build.0 = Release|Win32
		{5C0E3C44-9110-4C08-9B04-3B4060E71CBF}.Debug|x64.ActiveCfg = Debug|x64
		{5C0E3C44-9110-4C08-9B04-3B4060E71CBF}.Debug|x64.Build.0 = Debug|x64
		{5C0E3C44-9110-4C08-9B04-3B4060E71CBF}.Debug|x86.ActiveCfg = Debug|Win32
		{5C0E3C44-9110-4C08-9B04-3B4060E71CBF}.Debug|x86.Build.0 = Debug|Win32
		{5C0E3C44-9110-4C08-9B04-3B4060E71CBF}.Release|x64.ActiveCfg = Release|x64
		{5C0E3C44-9110-4C08-9B04-3B4060E71CBF}.Release|x64.Build.0 = Release|x64
		{5C0E3C44-9110-4C08-9B04-3B4060E71CBF}.Release|x86.ActiveCfg = Release|Win32
		{5C0E3C44-9110-4C08-9B04-3B4060E71CBF}.Release|x86.Build.0 = Release|Win32
		{D8E9F51E-2982-4620-8AAB-9B4919269A03}.Debug|x64.ActiveCfg = Debug|x64
		{D8E9F51E-2982-4620-8AAB-9B4919269A03}.Debug|x64.Build.0 = Debug|x64
		{D8E9F51E-2982-4620-8AAB-9B4919269A03}.Debug|x86.ActiveCfg = Debug|Win32
		{D8E9F51E-2982-4620-8AAB-9B4919269A03}.Debug|x86.Build.0 = Debug|Win32
		{D8E9F51E-2982-4620-8AAB-9B4919269A03}.Release|x64.ActiveCfg = Release|x64
		{D8E9F51E-2982-4620-8AAB-9B4919269A03}.Release|x64.Build.0 = Release|x64
		{D8E9F51E-2982-4620-8AAB-9B4919269A03}.Release|x86.ActiveCfg = Release|Win32
		{D8E9F51E-2982-4620-8AAB-9B4919269A03}.Release|x86.Build.0 = Release|Win32
		{808948BE-510A-4A7D-AE3E-9B390BC1F1D2}.Debug|x64.ActiveCfg = Debug|x64
		{808948BE-510A-4A7D-AE3E-9B390BC1F1D2}.Debug|x64.Build.0 = Debug|x64
		{808948BE-510A-4A7D-AE3E-9B390BC1F1D2}.Debug|x86.ActiveCfg = Debug|Win32
		{808948BE-510A-4A7D-AE3E-9B390BC1F1D2}.Debug|x86.Build.0 = Debug|Win32
		{808948BE-510A-4A7D-AE3E-9B390BC1F1D2}.Release|x64.ActiveCfg = Release|x64
		{808948BE-510A-4A7D-AE3E-9B390BC1F1D2}.Release|x64.Build.0 = Release|x64
		{808948BE-510A-4A7D-AE3E-9B390BC1F1D2}.Release|x86.ActiveCfg = Release|Win32
		{808948BE-510A-4A7D-AE3E-9B390BC1F1D2}.Release|x86.Build.0 = Release|Win32
		{177B8D37-CABB-4A3F-8A6D-F6F45552AD4C}.Debug|x64.ActiveCfg = Debug|x64
		{177B8D37-CABB-4A3F-8A6D-F6F45552AD4C}.Debug|x64.Build.0 = Debug|x64
		{177B8D37-CABB-4A3F-8A6D-F6F45552AD4C}.Debug|x86.ActiveCfg = Debug|Win32
		{177B8D37-CABB-4A3F-8A6D-F6F45552AD4C}.Debug|x86.Build.0 = Debug|Win32
		{177B8D37-CABB-4A3F-8A6D-F6F45552AD4C}.Release|x64.ActiveCfg = Release|x64
		{177B8D37-CABB-4A3F-8A6D-F6F45552AD4C}.Release|x64.Build.0 = Release|x64
		{177B8D37-CABB-4A3F-8A6D-F6F45552AD4C}.Release|x86.ActiveCfg = Release|Win32
		{177B8D37-CABB-4A3F-8A6D-F6F45552AD4C}.Release|x86.Build.0 = Release|Win32
	EndGlobalSection
	GlobalSection(SolutionProperties) = preSolution
		HideSolutionNode = FALSE
	EndGlobalSection
	GlobalSection(ExtensibilityGlobals) = postSolution
		SolutionGuid = {DA289A54-2071-4240-8381-733126B25ADF}
	EndGlobalSection
EndGlobal
