
Microsoft Visual Studio Solution File, Format Version 12.00
# Visual Studio Version 17
VisualStudioVersion = 17.5.33424.131
MinimumVisualStudioVersion = 10.0.40219.1
Project("{FAE04EC0-301F-11D3-BF4B-00C04F79EFBC}") = "01. Convert Meters to Kilometers", "01. Convert Meters to Kilometers\01. Convert Meters to Kilometers.csproj", "{31C337A4-57A6-4508-9D6F-15936E37FA5A}"
EndProject
Project("{FAE04EC0-301F-11D3-BF4B-00C04F79EFBC}") = "2. Pounds to Dollars", "2. Pounds to Dollars\2. Pounds to Dollars.csproj", "{5E3278B3-5D91-4F5F-B665-5D8C635EB268}"
EndProject
Project("{FAE04EC0-301F-11D3-BF4B-00C04F79EFBC}") = "3. Exact Sum of Real Numbers", "3. Exact Sum of Real Numbers\3. Exact Sum of Real Numbers.csproj", "{82BD4A89-0218-4E45-B238-82C2E8AF52BF}"
EndProject
Project("{FAE04EC0-301F-11D3-BF4B-00C04F79EFBC}") = "4. Centuries to Minutes", "4. Centuries to Minutes\4. Centuries to Minutes.csproj", "{46ADE7FD-E052-4A92-9227-2C4E23435917}"
EndProject
Project("{FAE04EC0-301F-11D3-BF4B-00C04F79EFBC}") = "5. Special Numbers", "5. Special Numbers\5. Special Numbers.csproj", "{5E963309-F04A-41BC-A10C-1C5B4CE36455}"
EndProject
Project("{FAE04EC0-301F-11D3-BF4B-00C04F79EFBC}") = "6. Reversed Chars", "6. Reversed Chars\6. Reversed Chars.csproj", "{B29D4A0E-9725-48A9-B17A-F47A98FB5EEB}"
EndProject
Project("{FAE04EC0-301F-11D3-BF4B-00C04F79EFBC}") = "7. Concat Names", "7. Concat Names\7. Concat Names.csproj", "{EBB56D3E-2052-497A-B3B6-C8C38C51F3B1}"
EndProject
Project("{FAE04EC0-301F-11D3-BF4B-00C04F79EFBC}") = "8. Town Info", "8. Town Info\8. Town Info.csproj", "{FAF2F486-DA4A-4575-BDF9-54D889EBB804}"
EndProject
Project("{FAE04EC0-301F-11D3-BF4B-00C04F79EFBC}") = "9. Chars to String", "9. Chars to String\9. Chars to String.csproj", "{67FC821A-9BA6-4521-831A-94142AF99D4B}"
EndProject
Project("{FAE04EC0-301F-11D3-BF4B-00C04F79EFBC}") = "10. Lower or Upper", "10. Lower or Upper\10. Lower or Upper.csproj", "{B7A1D8F8-06B1-481A-B0E9-DE7B2FCB4FD0}"
EndProject
Project("{FAE04EC0-301F-11D3-BF4B-00C04F79EFBC}") = "11. Refactor Volume of Pyramid", "11. Refactor Volume of Pyramid\11. Refactor Volume of Pyramid.csproj", "{738A6A04-C580-4ACD-A32B-CD0F909A1964}"
EndProject
Project("{FAE04EC0-301F-11D3-BF4B-00C04F79EFBC}") = "12. Refactor Special Numbers", "12. Refactor Special Numbers\12. Refactor Special Numbers.csproj", "{5C8FA7FA-6A3C-451B-9359-5E84ED051EF8}"
EndProject
Global
	GlobalSection(SolutionConfigurationPlatforms) = preSolution
		Debug|Any CPU = Debug|Any CPU
		Release|Any CPU = Release|Any CPU
	EndGlobalSection
	GlobalSection(ProjectConfigurationPlatforms) = postSolution
		{31C337A4-57A6-4508-9D6F-15936E37FA5A}.Debug|Any CPU.ActiveCfg = Debug|Any CPU
		{31C337A4-57A6-4508-9D6F-15936E37FA5A}.Debug|Any CPU.Build.0 = Debug|Any CPU
		{31C337A4-57A6-4508-9D6F-15936E37FA5A}.Release|Any CPU.ActiveCfg = Release|Any CPU
		{31C337A4-57A6-4508-9D6F-15936E37FA5A}.Release|Any CPU.Build.0 = Release|Any CPU
		{5E3278B3-5D91-4F5F-B665-5D8C635EB268}.Debug|Any CPU.ActiveCfg = Debug|Any CPU
		{5E3278B3-5D91-4F5F-B665-5D8C635EB268}.Debug|Any CPU.Build.0 = Debug|Any CPU
		{5E3278B3-5D91-4F5F-B665-5D8C635EB268}.Release|Any CPU.ActiveCfg = Release|Any CPU
		{5E3278B3-5D91-4F5F-B665-5D8C635EB268}.Release|Any CPU.Build.0 = Release|Any CPU
		{82BD4A89-0218-4E45-B238-82C2E8AF52BF}.Debug|Any CPU.ActiveCfg = Debug|Any CPU
		{82BD4A89-0218-4E45-B238-82C2E8AF52BF}.Debug|Any CPU.Build.0 = Debug|Any CPU
		{82BD4A89-0218-4E45-B238-82C2E8AF52BF}.Release|Any CPU.ActiveCfg = Release|Any CPU
		{82BD4A89-0218-4E45-B238-82C2E8AF52BF}.Release|Any CPU.Build.0 = Release|Any CPU
		{46ADE7FD-E052-4A92-9227-2C4E23435917}.Debug|Any CPU.ActiveCfg = Debug|Any CPU
		{46ADE7FD-E052-4A92-9227-2C4E23435917}.Debug|Any CPU.Build.0 = Debug|Any CPU
		{46ADE7FD-E052-4A92-9227-2C4E23435917}.Release|Any CPU.ActiveCfg = Release|Any CPU
		{46ADE7FD-E052-4A92-9227-2C4E23435917}.Release|Any CPU.Build.0 = Release|Any CPU
		{5E963309-F04A-41BC-A10C-1C5B4CE36455}.Debug|Any CPU.ActiveCfg = Debug|Any CPU
		{5E963309-F04A-41BC-A10C-1C5B4CE36455}.Debug|Any CPU.Build.0 = Debug|Any CPU
		{5E963309-F04A-41BC-A10C-1C5B4CE36455}.Release|Any CPU.ActiveCfg = Release|Any CPU
		{5E963309-F04A-41BC-A10C-1C5B4CE36455}.Release|Any CPU.Build.0 = Release|Any CPU
		{B29D4A0E-9725-48A9-B17A-F47A98FB5EEB}.Debug|Any CPU.ActiveCfg = Debug|Any CPU
		{B29D4A0E-9725-48A9-B17A-F47A98FB5EEB}.Debug|Any CPU.Build.0 = Debug|Any CPU
		{B29D4A0E-9725-48A9-B17A-F47A98FB5EEB}.Release|Any CPU.ActiveCfg = Release|Any CPU
		{B29D4A0E-9725-48A9-B17A-F47A98FB5EEB}.Release|Any CPU.Build.0 = Release|Any CPU
		{EBB56D3E-2052-497A-B3B6-C8C38C51F3B1}.Debug|Any CPU.ActiveCfg = Debug|Any CPU
		{EBB56D3E-2052-497A-B3B6-C8C38C51F3B1}.Debug|Any CPU.Build.0 = Debug|Any CPU
		{EBB56D3E-2052-497A-B3B6-C8C38C51F3B1}.Release|Any CPU.ActiveCfg = Release|Any CPU
		{EBB56D3E-2052-497A-B3B6-C8C38C51F3B1}.Release|Any CPU.Build.0 = Release|Any CPU
		{FAF2F486-DA4A-4575-BDF9-54D889EBB804}.Debug|Any CPU.ActiveCfg = Debug|Any CPU
		{FAF2F486-DA4A-4575-BDF9-54D889EBB804}.Debug|Any CPU.Build.0 = Debug|Any CPU
		{FAF2F486-DA4A-4575-BDF9-54D889EBB804}.Release|Any CPU.ActiveCfg = Release|Any CPU
		{FAF2F486-DA4A-4575-BDF9-54D889EBB804}.Release|Any CPU.Build.0 = Release|Any CPU
		{67FC821A-9BA6-4521-831A-94142AF99D4B}.Debug|Any CPU.ActiveCfg = Debug|Any CPU
		{67FC821A-9BA6-4521-831A-94142AF99D4B}.Debug|Any CPU.Build.0 = Debug|Any CPU
		{67FC821A-9BA6-4521-831A-94142AF99D4B}.Release|Any CPU.ActiveCfg = Release|Any CPU
		{67FC821A-9BA6-4521-831A-94142AF99D4B}.Release|Any CPU.Build.0 = Release|Any CPU
		{B7A1D8F8-06B1-481A-B0E9-DE7B2FCB4FD0}.Debug|Any CPU.ActiveCfg = Debug|Any CPU
		{B7A1D8F8-06B1-481A-B0E9-DE7B2FCB4FD0}.Debug|Any CPU.Build.0 = Debug|Any CPU
		{B7A1D8F8-06B1-481A-B0E9-DE7B2FCB4FD0}.Release|Any CPU.ActiveCfg = Release|Any CPU
		{B7A1D8F8-06B1-481A-B0E9-DE7B2FCB4FD0}.Release|Any CPU.Build.0 = Release|Any CPU
		{738A6A04-C580-4ACD-A32B-CD0F909A1964}.Debug|Any CPU.ActiveCfg = Debug|Any CPU
		{738A6A04-C580-4ACD-A32B-CD0F909A1964}.Debug|Any CPU.Build.0 = Debug|Any CPU
		{738A6A04-C580-4ACD-A32B-CD0F909A1964}.Release|Any CPU.ActiveCfg = Release|Any CPU
		{738A6A04-C580-4ACD-A32B-CD0F909A1964}.Release|Any CPU.Build.0 = Release|Any CPU
		{5C8FA7FA-6A3C-451B-9359-5E84ED051EF8}.Debug|Any CPU.ActiveCfg = Debug|Any CPU
		{5C8FA7FA-6A3C-451B-9359-5E84ED051EF8}.Debug|Any CPU.Build.0 = Debug|Any CPU
		{5C8FA7FA-6A3C-451B-9359-5E84ED051EF8}.Release|Any CPU.ActiveCfg = Release|Any CPU
		{5C8FA7FA-6A3C-451B-9359-5E84ED051EF8}.Release|Any CPU.Build.0 = Release|Any CPU
	EndGlobalSection
	GlobalSection(SolutionProperties) = preSolution
		HideSolutionNode = FALSE
	EndGlobalSection
	GlobalSection(ExtensibilityGlobals) = postSolution
		SolutionGuid = {7A97A806-0A14-4080-BF10-B35CB897651D}
	EndGlobalSection
EndGlobal
