
Microsoft Visual Studio Solution File, Format Version 12.00
# Visual Studio Version 17
VisualStudioVersion = 17.5.33424.131
MinimumVisualStudioVersion = 10.0.40219.1
Project("{8BC9CEB8-8B4A-11D0-8D11-00A0C91BC942}") = "Project 1", "Program 1\Program 1.vcxproj", "{45B32887-DA38-4508-9F4A-9AE9B00839F4}"
EndProject
Project("{8BC9CEB8-8B4A-11D0-8D11-00A0C91BC942}") = "Project 2", "Program 2\Program 2.vcxproj", "{B33E69DE-3DD5-49D6-984F-5D4BF94CED3C}"
EndProject
Project("{8BC9CEB8-8B4A-11D0-8D11-00A0C91BC942}") = "Project 3", "Project 3\Project 3.vcxproj", "{1EB6AD9B-5724-434A-8445-674405F356C4}"
EndProject
Project("{8BC9CEB8-8B4A-11D0-8D11-00A0C91BC942}") = "Project 4", "Project 4\Project 4.vcxproj", "{4C587556-D78C-49D3-A460-5FD68BFD2AA3}"
EndProject
Project("{8BC9CEB8-8B4A-11D0-8D11-00A0C91BC942}") = "Project 5", "Project 5\Project 5.vcxproj", "{03C88B1C-283F-4904-A7D2-E2F31AA870B7}"
EndProject
Project("{8BC9CEB8-8B4A-11D0-8D11-00A0C91BC942}") = "Project 6", "Project 6\Project 6.vcxproj", "{D629A98B-A4CC-409A-A9A7-7166B41080C6}"
EndProject
Project("{8BC9CEB8-8B4A-11D0-8D11-00A0C91BC942}") = "Project 8", "Project 8\Project 8.vcxproj", "{A6C834B3-D369-4B32-8534-62D07D2C6577}"
EndProject
Project("{8BC9CEB8-8B4A-11D0-8D11-00A0C91BC942}") = "Project 7", "Project 7\Project 7.vcxproj", "{D9C399E0-8E43-446C-A6AD-59DA2880E17A}"
EndProject
Project("{8BC9CEB8-8B4A-11D0-8D11-00A0C91BC942}") = "Project 9", "Project 9\Project 9.vcxproj", "{7505C6A2-FB7C-47FB-ACA0-989FEB8774AE}"
EndProject
Project("{8BC9CEB8-8B4A-11D0-8D11-00A0C91BC942}") = "Project 10", "Project 10\Project 10.vcxproj", "{3FA92817-B5D4-458C-8B07-788F8ECC3C59}"
EndProject
Project("{8BC9CEB8-8B4A-11D0-8D11-00A0C91BC942}") = "Project 11", "Project 11\Project 11.vcxproj", "{D689099A-A521-4613-BCDA-CAC7690B5DC2}"
EndProject
Project("{8BC9CEB8-8B4A-11D0-8D11-00A0C91BC942}") = "Project 12", "Project 12\Project 12.vcxproj", "{7BCA0029-B9D9-41C2-9894-5B7F5E56FC37}"
EndProject
Project("{8BC9CEB8-8B4A-11D0-8D11-00A0C91BC942}") = "Project 13", "Project 13\Project 13.vcxproj", "{1285D92C-3C14-4794-A1BD-AED8E4618B76}"
EndProject
Project("{8BC9CEB8-8B4A-11D0-8D11-00A0C91BC942}") = "Project 14", "Project 14\Project 14.vcxproj", "{9DA5E0BE-4114-4451-8001-65AE04EF530D}"
EndProject
Project("{8BC9CEB8-8B4A-11D0-8D11-00A0C91BC942}") = "Project 15", "Project 15\Project 15.vcxproj", "{AFA808E7-3E9C-4E9D-8BEA-21E484F11242}"
EndProject
Project("{8BC9CEB8-8B4A-11D0-8D11-00A0C91BC942}") = "Project 16", "Project 16\Project 16.vcxproj", "{D6EE0F67-9670-4B27-8F7A-A34642168471}"
EndProject
Global
	GlobalSection(SolutionConfigurationPlatforms) = preSolution
		Debug|x64 = Debug|x64
		Debug|x86 = Debug|x86
		Release|x64 = Release|x64
		Release|x86 = Release|x86
	EndGlobalSection
	GlobalSection(ProjectConfigurationPlatforms) = postSolution
		{45B32887-DA38-4508-9F4A-9AE9B00839F4}.Debug|x64.ActiveCfg = Debug|x64
		{45B32887-DA38-4508-9F4A-9AE9B00839F4}.Debug|x64.Build.0 = Debug|x64
		{45B32887-DA38-4508-9F4A-9AE9B00839F4}.Debug|x86.ActiveCfg = Debug|Win32
		{45B32887-DA38-4508-9F4A-9AE9B00839F4}.Debug|x86.Build.0 = Debug|Win32
		{45B32887-DA38-4508-9F4A-9AE9B00839F4}.Release|x64.ActiveCfg = Release|x64
		{45B32887-DA38-4508-9F4A-9AE9B00839F4}.Release|x64.Build.0 = Release|x64
		{45B32887-DA38-4508-9F4A-9AE9B00839F4}.Release|x86.ActiveCfg = Release|Win32
		{45B32887-DA38-4508-9F4A-9AE9B00839F4}.Release|x86.Build.0 = Release|Win32
		{B33E69DE-3DD5-49D6-984F-5D4BF94CED3C}.Debug|x64.ActiveCfg = Debug|x64
		{B33E69DE-3DD5-49D6-984F-5D4BF94CED3C}.Debug|x64.Build.0 = Debug|x64
		{B33E69DE-3DD5-49D6-984F-5D4BF94CED3C}.Debug|x86.ActiveCfg = Debug|Win32
		{B33E69DE-3DD5-49D6-984F-5D4BF94CED3C}.Debug|x86.Build.0 = Debug|Win32
		{B33E69DE-3DD5-49D6-984F-5D4BF94CED3C}.Release|x64.ActiveCfg = Release|x64
		{B33E69DE-3DD5-49D6-984F-5D4BF94CED3C}.Release|x64.Build.0 = Release|x64
		{B33E69DE-3DD5-49D6-984F-5D4BF94CED3C}.Release|x86.ActiveCfg = Release|Win32
		{B33E69DE-3DD5-49D6-984F-5D4BF94CED3C}.Release|x86.Build.0 = Release|Win32
		{1EB6AD9B-5724-434A-8445-674405F356C4}.Debug|x64.ActiveCfg = Debug|x64
		{1EB6AD9B-5724-434A-8445-674405F356C4}.Debug|x64.Build.0 = Debug|x64
		{1EB6AD9B-5724-434A-8445-674405F356C4}.Debug|x86.ActiveCfg = Debug|Win32
		{1EB6AD9B-5724-434A-8445-674405F356C4}.Debug|x86.Build.0 = Debug|Win32
		{1EB6AD9B-5724-434A-8445-674405F356C4}.Release|x64.ActiveCfg = Release|x64
		{1EB6AD9B-5724-434A-8445-674405F356C4}.Release|x64.Build.0 = Release|x64
		{1EB6AD9B-5724-434A-8445-674405F356C4}.Release|x86.ActiveCfg = Release|Win32
		{1EB6AD9B-5724-434A-8445-674405F356C4}.Release|x86.Build.0 = Release|Win32
		{4C587556-D78C-49D3-A460-5FD68BFD2AA3}.Debug|x64.ActiveCfg = Debug|x64
		{4C587556-D78C-49D3-A460-5FD68BFD2AA3}.Debug|x64.Build.0 = Debug|x64
		{4C587556-D78C-49D3-A460-5FD68BFD2AA3}.Debug|x86.ActiveCfg = Debug|Win32
		{4C587556-D78C-49D3-A460-5FD68BFD2AA3}.Debug|x86.Build.0 = Debug|Win32
		{4C587556-D78C-49D3-A460-5FD68BFD2AA3}.Release|x64.ActiveCfg = Release|x64
		{4C587556-D78C-49D3-A460-5FD68BFD2AA3}.Release|x64.Build.0 = Release|x64
		{4C587556-D78C-49D3-A460-5FD68BFD2AA3}.Release|x86.ActiveCfg = Release|Win32
		{4C587556-D78C-49D3-A460-5FD68BFD2AA3}.Release|x86.Build.0 = Release|Win32
		{03C88B1C-283F-4904-A7D2-E2F31AA870B7}.Debug|x64.ActiveCfg = Debug|x64
		{03C88B1C-283F-4904-A7D2-E2F31AA870B7}.Debug|x64.Build.0 = Debug|x64
		{03C88B1C-283F-4904-A7D2-E2F31AA870B7}.Debug|x86.ActiveCfg = Debug|Win32
		{03C88B1C-283F-4904-A7D2-E2F31AA870B7}.Debug|x86.Build.0 = Debug|Win32
		{03C88B1C-283F-4904-A7D2-E2F31AA870B7}.Release|x64.ActiveCfg = Release|x64
		{03C88B1C-283F-4904-A7D2-E2F31AA870B7}.Release|x64.Build.0 = Release|x64
		{03C88B1C-283F-4904-A7D2-E2F31AA870B7}.Release|x86.ActiveCfg = Release|Win32
		{03C88B1C-283F-4904-A7D2-E2F31AA870B7}.Release|x86.Build.0 = Release|Win32
		{D629A98B-A4CC-409A-A9A7-7166B41080C6}.Debug|x64.ActiveCfg = Debug|x64
		{D629A98B-A4CC-409A-A9A7-7166B41080C6}.Debug|x64.Build.0 = Debug|x64
		{D629A98B-A4CC-409A-A9A7-7166B41080C6}.Debug|x86.ActiveCfg = Debug|Win32
		{D629A98B-A4CC-409A-A9A7-7166B41080C6}.Debug|x86.Build.0 = Debug|Win32
		{D629A98B-A4CC-409A-A9A7-7166B41080C6}.Release|x64.ActiveCfg = Release|x64
		{D629A98B-A4CC-409A-A9A7-7166B41080C6}.Release|x64.Build.0 = Release|x64
		{D629A98B-A4CC-409A-A9A7-7166B41080C6}.Release|x86.ActiveCfg = Release|Win32
		{D629A98B-A4CC-409A-A9A7-7166B41080C6}.Release|x86.Build.0 = Release|Win32
		{A6C834B3-D369-4B32-8534-62D07D2C6577}.Debug|x64.ActiveCfg = Debug|x64
		{A6C834B3-D369-4B32-8534-62D07D2C6577}.Debug|x64.Build.0 = Debug|x64
		{A6C834B3-D369-4B32-8534-62D07D2C6577}.Debug|x86.ActiveCfg = Debug|Win32
		{A6C834B3-D369-4B32-8534-62D07D2C6577}.Debug|x86.Build.0 = Debug|Win32
		{A6C834B3-D369-4B32-8534-62D07D2C6577}.Release|x64.ActiveCfg = Release|x64
		{A6C834B3-D369-4B32-8534-62D07D2C6577}.Release|x64.Build.0 = Release|x64
		{A6C834B3-D369-4B32-8534-62D07D2C6577}.Release|x86.ActiveCfg = Release|Win32
		{A6C834B3-D369-4B32-8534-62D07D2C6577}.Release|x86.Build.0 = Release|Win32
		{D9C399E0-8E43-446C-A6AD-59DA2880E17A}.Debug|x64.ActiveCfg = Debug|x64
		{D9C399E0-8E43-446C-A6AD-59DA2880E17A}.Debug|x64.Build.0 = Debug|x64
		{D9C399E0-8E43-446C-A6AD-59DA2880E17A}.Debug|x86.ActiveCfg = Debug|Win32
		{D9C399E0-8E43-446C-A6AD-59DA2880E17A}.Debug|x86.Build.0 = Debug|Win32
		{D9C399E0-8E43-446C-A6AD-59DA2880E17A}.Release|x64.ActiveCfg = Release|x64
		{D9C399E0-8E43-446C-A6AD-59DA2880E17A}.Release|x64.Build.0 = Release|x64
		{D9C399E0-8E43-446C-A6AD-59DA2880E17A}.Release|x86.ActiveCfg = Release|Win32
		{D9C399E0-8E43-446C-A6AD-59DA2880E17A}.Release|x86.Build.0 = Release|Win32
		{7505C6A2-FB7C-47FB-ACA0-989FEB8774AE}.Debug|x64.ActiveCfg = Debug|x64
		{7505C6A2-FB7C-47FB-ACA0-989FEB8774AE}.Debug|x64.Build.0 = Debug|x64
		{7505C6A2-FB7C-47FB-ACA0-989FEB8774AE}.Debug|x86.ActiveCfg = Debug|Win32
		{7505C6A2-FB7C-47FB-ACA0-989FEB8774AE}.Debug|x86.Build.0 = Debug|Win32
		{7505C6A2-FB7C-47FB-ACA0-989FEB8774AE}.Release|x64.ActiveCfg = Release|x64
		{7505C6A2-FB7C-47FB-ACA0-989FEB8774AE}.Release|x64.Build.0 = Release|x64
		{7505C6A2-FB7C-47FB-ACA0-989FEB8774AE}.Release|x86.ActiveCfg = Release|Win32
		{7505C6A2-FB7C-47FB-ACA0-989FEB8774AE}.Release|x86.Build.0 = Release|Win32
		{3FA92817-B5D4-458C-8B07-788F8ECC3C59}.Debug|x64.ActiveCfg = Debug|x64
		{3FA92817-B5D4-458C-8B07-788F8ECC3C59}.Debug|x64.Build.0 = Debug|x64
		{3FA92817-B5D4-458C-8B07-788F8ECC3C59}.Debug|x86.ActiveCfg = Debug|Win32
		{3FA92817-B5D4-458C-8B07-788F8ECC3C59}.Debug|x86.Build.0 = Debug|Win32
		{3FA92817-B5D4-458C-8B07-788F8ECC3C59}.Release|x64.ActiveCfg = Release|x64
		{3FA92817-B5D4-458C-8B07-788F8ECC3C59}.Release|x64.Build.0 = Release|x64
		{3FA92817-B5D4-458C-8B07-788F8ECC3C59}.Release|x86.ActiveCfg = Release|Win32
		{3FA92817-B5D4-458C-8B07-788F8ECC3C59}.Release|x86.Build.0 = Release|Win32
		{D689099A-A521-4613-BCDA-CAC7690B5DC2}.Debug|x64.ActiveCfg = Debug|x64
		{D689099A-A521-4613-BCDA-CAC7690B5DC2}.Debug|x64.Build.0 = Debug|x64
		{D689099A-A521-4613-BCDA-CAC7690B5DC2}.Debug|x86.ActiveCfg = Debug|Win32
		{D689099A-A521-4613-BCDA-CAC7690B5DC2}.Debug|x86.Build.0 = Debug|Win32
		{D689099A-A521-4613-BCDA-CAC7690B5DC2}.Release|x64.ActiveCfg = Release|x64
		{D689099A-A521-4613-BCDA-CAC7690B5DC2}.Release|x64.Build.0 = Release|x64
		{D689099A-A521-4613-BCDA-CAC7690B5DC2}.Release|x86.ActiveCfg = Release|Win32
		{D689099A-A521-4613-BCDA-CAC7690B5DC2}.Release|x86.Build.0 = Release|Win32
		{7BCA0029-B9D9-41C2-9894-5B7F5E56FC37}.Debug|x64.ActiveCfg = Debug|x64
		{7BCA0029-B9D9-41C2-9894-5B7F5E56FC37}.Debug|x64.Build.0 = Debug|x64
		{7BCA0029-B9D9-41C2-9894-5B7F5E56FC37}.Debug|x86.ActiveCfg = Debug|Win32
		{7BCA0029-B9D9-41C2-9894-5B7F5E56FC37}.Debug|x86.Build.0 = Debug|Win32
		{7BCA0029-B9D9-41C2-9894-5B7F5E56FC37}.Release|x64.ActiveCfg = Release|x64
		{7BCA0029-B9D9-41C2-9894-5B7F5E56FC37}.Release|x64.Build.0 = Release|x64
		{7BCA0029-B9D9-41C2-9894-5B7F5E56FC37}.Release|x86.ActiveCfg = Release|Win32
		{7BCA0029-B9D9-41C2-9894-5B7F5E56FC37}.Release|x86.Build.0 = Release|Win32
		{1285D92C-3C14-4794-A1BD-AED8E4618B76}.Debug|x64.ActiveCfg = Debug|x64
		{1285D92C-3C14-4794-A1BD-AED8E4618B76}.Debug|x64.Build.0 = Debug|x64
		{1285D92C-3C14-4794-A1BD-AED8E4618B76}.Debug|x86.ActiveCfg = Debug|Win32
		{1285D92C-3C14-4794-A1BD-AED8E4618B76}.Debug|x86.Build.0 = Debug|Win32
		{1285D92C-3C14-4794-A1BD-AED8E4618B76}.Release|x64.ActiveCfg = Release|x64
		{1285D92C-3C14-4794-A1BD-AED8E4618B76}.Release|x64.Build.0 = Release|x64
		{1285D92C-3C14-4794-A1BD-AED8E4618B76}.Release|x86.ActiveCfg = Release|Win32
		{1285D92C-3C14-4794-A1BD-AED8E4618B76}.Release|x86.Build.0 = Release|Win32
		{9DA5E0BE-4114-4451-8001-65AE04EF530D}.Debug|x64.ActiveCfg = Debug|x64
		{9DA5E0BE-4114-4451-8001-65AE04EF530D}.Debug|x64.Build.0 = Debug|x64
		{9DA5E0BE-4114-4451-8001-65AE04EF530D}.Debug|x86.ActiveCfg = Debug|Win32
		{9DA5E0BE-4114-4451-8001-65AE04EF530D}.Debug|x86.Build.0 = Debug|Win32
		{9DA5E0BE-4114-4451-8001-65AE04EF530D}.Release|x64.ActiveCfg = Release|x64
		{9DA5E0BE-4114-4451-8001-65AE04EF530D}.Release|x64.Build.0 = Release|x64
		{9DA5E0BE-4114-4451-8001-65AE04EF530D}.Release|x86.ActiveCfg = Release|Win32
		{9DA5E0BE-4114-4451-8001-65AE04EF530D}.Release|x86.Build.0 = Release|Win32
		{AFA808E7-3E9C-4E9D-8BEA-21E484F11242}.Debug|x64.ActiveCfg = Debug|x64
		{AFA808E7-3E9C-4E9D-8BEA-21E484F11242}.Debug|x64.Build.0 = Debug|x64
		{AFA808E7-3E9C-4E9D-8BEA-21E484F11242}.Debug|x86.ActiveCfg = Debug|Win32
		{AFA808E7-3E9C-4E9D-8BEA-21E484F11242}.Debug|x86.Build.0 = Debug|Win32
		{AFA808E7-3E9C-4E9D-8BEA-21E484F11242}.Release|x64.ActiveCfg = Release|x64
		{AFA808E7-3E9C-4E9D-8BEA-21E484F11242}.Release|x64.Build.0 = Release|x64
		{AFA808E7-3E9C-4E9D-8BEA-21E484F11242}.Release|x86.ActiveCfg = Release|Win32
		{AFA808E7-3E9C-4E9D-8BEA-21E484F11242}.Release|x86.Build.0 = Release|Win32
		{D6EE0F67-9670-4B27-8F7A-A34642168471}.Debug|x64.ActiveCfg = Debug|x64
		{D6EE0F67-9670-4B27-8F7A-A34642168471}.Debug|x64.Build.0 = Debug|x64
		{D6EE0F67-9670-4B27-8F7A-A34642168471}.Debug|x86.ActiveCfg = Debug|Win32
		{D6EE0F67-9670-4B27-8F7A-A34642168471}.Debug|x86.Build.0 = Debug|Win32
		{D6EE0F67-9670-4B27-8F7A-A34642168471}.Release|x64.ActiveCfg = Release|x64
		{D6EE0F67-9670-4B27-8F7A-A34642168471}.Release|x64.Build.0 = Release|x64
		{D6EE0F67-9670-4B27-8F7A-A34642168471}.Release|x86.ActiveCfg = Release|Win32
		{D6EE0F67-9670-4B27-8F7A-A34642168471}.Release|x86.Build.0 = Release|Win32
	EndGlobalSection
	GlobalSection(SolutionProperties) = preSolution
		HideSolutionNode = FALSE
	EndGlobalSection
	GlobalSection(ExtensibilityGlobals) = postSolution
		SolutionGuid = {AACE5966-6AF7-4023-A3CF-CFC9E772F9EB}
	EndGlobalSection
EndGlobal
